// !$*UTF8*$!
{
	archiveVersion = 1;
	classes = {
	};
	objectVersion = 46;
	objects = {

/* Begin PBXBuildFile section */
		882EEC3CECD70F9F6132C2DF /* Pods_wheretogo.framework in Frameworks */ = {isa = PBXBuildFile; fileRef = 1A4AC404E260D7F35BA7FFEA /* Pods_wheretogo.framework */; };
		D25100011F4F0EF300E6C824 /* Assets.xcassets in Resources */ = {isa = PBXBuildFile; fileRef = D25100001F4F0EF300E6C824 /* Assets.xcassets */; };
		D25100041F4F0EF300E6C824 /* LaunchScreen.storyboard in Resources */ = {isa = PBXBuildFile; fileRef = D25100021F4F0EF300E6C824 /* LaunchScreen.storyboard */; };
		D251000E1F4F267500E6C824 /* DropPin.swift in Sources */ = {isa = PBXBuildFile; fileRef = D251000D1F4F267500E6C824 /* DropPin.swift */; };
		D251FFFA1F4F0EF300E6C824 /* AppDelegate.swift in Sources */ = {isa = PBXBuildFile; fileRef = D251FFF91F4F0EF300E6C824 /* AppDelegate.swift */; };
		D251FFFC1F4F0EF300E6C824 /* MapVC.swift in Sources */ = {isa = PBXBuildFile; fileRef = D251FFFB1F4F0EF300E6C824 /* MapVC.swift */; };
		D251FFFF1F4F0EF300E6C824 /* Main.storyboard in Resources */ = {isa = PBXBuildFile; fileRef = D251FFFD1F4F0EF300E6C824 /* Main.storyboard */; };
/* End PBXBuildFile section */

/* Begin PBXFileReference section */
		1A4AC404E260D7F35BA7FFEA /* Pods_wheretogo.framework */ = {isa = PBXFileReference; explicitFileType = wrapper.framework; includeInIndex = 0; path = Pods_wheretogo.framework; sourceTree = BUILT_PRODUCTS_DIR; };
		499A54702BBB1CEFCBCFA66A /* Pods-wheretogo.release.xcconfig */ = {isa = PBXFileReference; includeInIndex = 1; lastKnownFileType = text.xcconfig; name = "Pods-wheretogo.release.xcconfig"; path = "Pods/Target Support Files/Pods-wheretogo/Pods-wheretogo.release.xcconfig"; sourceTree = "<group>"; };
		9C0762D6B7E2146E15FBA3AE /* Pods-wheretogo.debug.xcconfig */ = {isa = PBXFileReference; includeInIndex = 1; lastKnownFileType = text.xcconfig; name = "Pods-wheretogo.debug.xcconfig"; path = "Pods/Target Support Files/Pods-wheretogo/Pods-wheretogo.debug.xcconfig"; sourceTree = "<group>"; };
		D25100001F4F0EF300E6C824 /* Assets.xcassets */ = {isa = PBXFileReference; lastKnownFileType = folder.assetcatalog; path = Assets.xcassets; sourceTree = "<group>"; };
		D25100031F4F0EF300E6C824 /* Base */ = {isa = PBXFileReference; lastKnownFileType = file.storyboard; name = Base; path = Base.lproj/LaunchScreen.storyboard; sourceTree = "<group>"; };
		D25100051F4F0EF300E6C824 /* Info.plist */ = {isa = PBXFileReference; lastKnownFileType = text.plist.xml; path = Info.plist; sourceTree = "<group>"; };
		D251000D1F4F267500E6C824 /* DropPin.swift */ = {isa = PBXFileReference; fileEncoding = 4; lastKnownFileType = sourcecode.swift; path = DropPin.swift; sourceTree = "<group>"; };
		D251FFF61F4F0EF300E6C824 /* wheretogo.app */ = {isa = PBXFileReference; explicitFileType = wrapper.application; includeInIndex = 0; path = wheretogo.app; sourceTree = BUILT_PRODUCTS_DIR; };
		D251FFF91F4F0EF300E6C824 /* AppDelegate.swift */ = {isa = PBXFileReference; lastKnownFileType = sourcecode.swift; path = AppDelegate.swift; sourceTree = "<group>"; };
		D251FFFB1F4F0EF300E6C824 /* MapVC.swift */ = {isa = PBXFileReference; lastKnownFileType = sourcecode.swift; path = MapVC.swift; sourceTree = "<group>"; };
		D251FFFE1F4F0EF300E6C824 /* Base */ = {isa = PBXFileReference; lastKnownFileType = file.storyboard; name = Base; path = Base.lproj/Main.storyboard; sourceTree = "<group>"; };
/* End PBXFileReference section */

/* Begin PBXFrameworksBuildPhase section */
		D251FFF31F4F0EF300E6C824 /* Frameworks */ = {
			isa = PBXFrameworksBuildPhase;
			buildActionMask = 2147483647;
			files = (
				882EEC3CECD70F9F6132C2DF /* Pods_wheretogo.framework in Frameworks */,
			);
			runOnlyForDeploymentPostprocessing = 0;
		};
/* End PBXFrameworksBuildPhase section */

/* Begin PBXGroup section */
		36CEAC964386628BF1CB33D0 /* Frameworks */ = {
			isa = PBXGroup;
			children = (
				1A4AC404E260D7F35BA7FFEA /* Pods_wheretogo.framework */,
			);
			name = Frameworks;
			sourceTree = "<group>";
		};
		C2056EEAF90BE8D6A6C963E0 /* Pods */ = {
			isa = PBXGroup;
			children = (
				9C0762D6B7E2146E15FBA3AE /* Pods-wheretogo.debug.xcconfig */,
				499A54702BBB1CEFCBCFA66A /* Pods-wheretogo.release.xcconfig */,
			);
			name = Pods;
			sourceTree = "<group>";
		};
		D251000B1F4F0EF800E6C824 /* Controllers */ = {
			isa = PBXGroup;
			children = (
				D251FFFB1F4F0EF300E6C824 /* MapVC.swift */,
			);
			name = Controllers;
			sourceTree = "<group>";
		};
		D251000C1F4F0EFF00E6C824 /* Views */ = {
			isa = PBXGroup;
			children = (
			);
			name = Views;
			sourceTree = "<group>";
		};
		D251000F1F4F267900E6C824 /* Models */ = {
			isa = PBXGroup;
			children = (
				D251000D1F4F267500E6C824 /* DropPin.swift */,
			);
			name = Models;
			sourceTree = "<group>";
		};
		D251FFED1F4F0EF300E6C824 = {
			isa = PBXGroup;
			children = (
				D251FFF81F4F0EF300E6C824 /* wheretogo */,
				D251FFF71F4F0EF300E6C824 /* Products */,
				C2056EEAF90BE8D6A6C963E0 /* Pods */,
				36CEAC964386628BF1CB33D0 /* Frameworks */,
			);
			sourceTree = "<group>";
		};
		D251FFF71F4F0EF300E6C824 /* Products */ = {
			isa = PBXGroup;
			children = (
				D251FFF61F4F0EF300E6C824 /* wheretogo.app */,
			);
			name = Products;
			sourceTree = "<group>";
		};
		D251FFF81F4F0EF300E6C824 /* wheretogo */ = {
			isa = PBXGroup;
			children = (
				D251000F1F4F267900E6C824 /* Models */,
				D251000C1F4F0EFF00E6C824 /* Views */,
				D251000B1F4F0EF800E6C824 /* Controllers */,
				D251FFF91F4F0EF300E6C824 /* AppDelegate.swift */,
				D251FFFD1F4F0EF300E6C824 /* Main.storyboard */,
				D25100001F4F0EF300E6C824 /* Assets.xcassets */,
				D25100021F4F0EF300E6C824 /* LaunchScreen.storyboard */,
				D25100051F4F0EF300E6C824 /* Info.plist */,
			);
			path = wheretogo;
			sourceTree = "<group>";
		};
/* End PBXGroup section */

/* Begin PBXNativeTarget section */
		D251FFF51F4F0EF300E6C824 /* wheretogo */ = {
			isa = PBXNativeTarget;
			buildConfigurationList = D25100081F4F0EF300E6C824 /* Build configuration list for PBXNativeTarget "wheretogo" */;
			buildPhases = (
				8E177E8DF888FEBFB049E2EF /* [CP] Check Pods Manifest.lock */,
				D251FFF21F4F0EF300E6C824 /* Sources */,
				D251FFF31F4F0EF300E6C824 /* Frameworks */,
				D251FFF41F4F0EF300E6C824 /* Resources */,
				686E3F3F4F536A9136CA0E71 /* [CP] Embed Pods Frameworks */,
				0EDD4D25BFEEAD69DC44D5F1 /* [CP] Copy Pods Resources */,
			);
			buildRules = (
			);
			dependencies = (
			);
			name = wheretogo;
			productName = wheretogo;
			productReference = D251FFF61F4F0EF300E6C824 /* wheretogo.app */;
			productType = "com.apple.product-type.application";
		};
/* End PBXNativeTarget section */

/* Begin PBXProject section */
		D251FFEE1F4F0EF300E6C824 /* Project object */ = {
			isa = PBXProject;
			attributes = {
				LastSwiftUpdateCheck = 0830;
				LastUpgradeCheck = 0830;
				ORGANIZATIONNAME = Khoa;
				TargetAttributes = {
					D251FFF51F4F0EF300E6C824 = {
						CreatedOnToolsVersion = 8.3.2;
						DevelopmentTeam = 95C5AY3VSS;
						ProvisioningStyle = Automatic;
					};
				};
			};
			buildConfigurationList = D251FFF11F4F0EF300E6C824 /* Build configuration list for PBXProject "wheretogo" */;
			compatibilityVersion = "Xcode 3.2";
			developmentRegion = English;
			hasScannedForEncodings = 0;
			knownRegions = (
				en,
				Base,
			);
			mainGroup = D251FFED1F4F0EF300E6C824;
			productRefGroup = D251FFF71F4F0EF300E6C824 /* Products */;
			projectDirPath = "";
			projectRoot = "";
			targets = (
				D251FFF51F4F0EF300E6C824 /* wheretogo */,
			);
		};
/* End PBXProject section */

/* Begin PBXResourcesBuildPhase section */
		D251FFF41F4F0EF300E6C824 /* Resources */ = {
			isa = PBXResourcesBuildPhase;
			buildActionMask = 2147483647;
			files = (
				D25100041F4F0EF300E6C824 /* LaunchScreen.storyboard in Resources */,
				D25100011F4F0EF300E6C824 /* Assets.xcassets in Resources */,
				D251FFFF1F4F0EF300E6C824 /* Main.storyboard in Resources */,
			);
			runOnlyForDeploymentPostprocessing = 0;
		};
/* End PBXResourcesBuildPhase section */

/* Begin PBXShellScriptBuildPhase section */
		0EDD4D25BFEEAD69DC44D5F1 /* [CP] Copy Pods Resources */ = {
			isa = PBXShellScriptBuildPhase;
			buildActionMask = 2147483647;
			files = (
			);
			inputPaths = (
			);
			name = "[CP] Copy Pods Resources";
			outputPaths = (
			);
			runOnlyForDeploymentPostprocessing = 0;
			shellPath = /bin/sh;
			shellScript = "\"${SRCROOT}/Pods/Target Support Files/Pods-wheretogo/Pods-wheretogo-resources.sh\"\n";
			showEnvVarsInLog = 0;
		};
		686E3F3F4F536A9136CA0E71 /* [CP] Embed Pods Frameworks */ = {
			isa = PBXShellScriptBuildPhase;
			buildActionMask = 2147483647;
			files = (
			);
			inputPaths = (
			);
			name = "[CP] Embed Pods Frameworks";
			outputPaths = (
			);
			runOnlyForDeploymentPostprocessing = 0;
			shellPath = /bin/sh;
			shellScript = "\"${SRCROOT}/Pods/Target Support Files/Pods-wheretogo/Pods-wheretogo-frameworks.sh\"\n";
			showEnvVarsInLog = 0;
		};
		8E177E8DF888FEBFB049E2EF /* [CP] Check Pods Manifest.lock */ = {
			isa = PBXShellScriptBuildPhase;
			buildActionMask = 2147483647;
			files = (
			);
			inputPaths = (
			);
			name = "[CP] Check Pods Manifest.lock";
			outputPaths = (
			);
			runOnlyForDeploymentPostprocessing = 0;
			shellPath = /bin/sh;
			shellScript = "diff \"${PODS_ROOT}/../Podfile.lock\" \"${PODS_ROOT}/Manifest.lock\" > /dev/null\nif [ $? != 0 ] ; then\n    # print error to STDERR\n    echo \"error: The sandbox is not in sync with the Podfile.lock. Run 'pod install' or update your CocoaPods installation.\" >&2\n    exit 1\nfi\n";
			showEnvVarsInLog = 0;
		};
/* End PBXShellScriptBuildPhase section */

/* Begin PBXSourcesBuildPhase section */
		D251FFF21F4F0EF300E6C824 /* Sources */ = {
			isa = PBXSourcesBuildPhase;
			buildActionMask = 2147483647;
			files = (
				D251FFFC1F4F0EF300E6C824 /* MapVC.swift in Sources */,
				D251000E1F4F267500E6C824 /* DropPin.swift in Sources */,
				D251FFFA1F4F0EF300E6C824 /* AppDelegate.swift in Sources */,
			);
			runOnlyForDeploymentPostprocessing = 0;
		};
/* End PBXSourcesBuildPhase section */

/* Begin PBXVariantGroup section */
		D25100021F4F0EF300E6C824 /* LaunchScreen.storyboard */ = {
			isa = PBXVariantGroup;
			children = (
				D25100031F4F0EF300E6C824 /* Base */,
			);
			name = LaunchScreen.storyboard;
			sourceTree = "<group>";
		};
		D251FFFD1F4F0EF300E6C824 /* Main.storyboard */ = {
			isa = PBXVariantGroup;
			children = (
				D251FFFE1F4F0EF300E6C824 /* Base */,
			);
			name = Main.storyboard;
			sourceTree = "<group>";
		};
/* End PBXVariantGroup section */

/* Begin XCBuildConfiguration section */
		D25100061F4F0EF300E6C824 /* Debug */ = {
			isa = XCBuildConfiguration;
			buildSettings = {
				ALWAYS_SEARCH_USER_PATHS = NO;
				CLANG_ANALYZER_NONNULL = YES;
				CLANG_ANALYZER_NUMBER_OBJECT_CONVERSION = YES_AGGRESSIVE;
				CLANG_CXX_LANGUAGE_STANDARD = "gnu++0x";
				CLANG_CXX_LIBRARY = "libc++";
				CLANG_ENABLE_MODULES = YES;
				CLANG_ENABLE_OBJC_ARC = YES;
				CLANG_WARN_BOOL_CONVERSION = YES;
				CLANG_WARN_CONSTANT_CONVERSION = YES;
				CLANG_WARN_DIRECT_OBJC_ISA_USAGE = YES_ERROR;
				CLANG_WARN_DOCUMENTATION_COMMENTS = YES;
				CLANG_WARN_EMPTY_BODY = YES;
				CLANG_WARN_ENUM_CONVERSION = YES;
				CLANG_WARN_INFINITE_RECURSION = YES;
				CLANG_WARN_INT_CONVERSION = YES;
				CLANG_WARN_OBJC_ROOT_CLASS = YES_ERROR;
				CLANG_WARN_SUSPICIOUS_MOVE = YES;
				CLANG_WARN_UNREACHABLE_CODE = YES;
				CLANG_WARN__DUPLICATE_METHOD_MATCH = YES;
				"CODE_SIGN_IDENTITY[sdk=iphoneos*]" = "iPhone Developer";
				COPY_PHASE_STRIP = NO;
				DEBUG_INFORMATION_FORMAT = dwarf;
				ENABLE_STRICT_OBJC_MSGSEND = YES;
				ENABLE_TESTABILITY = YES;
				GCC_C_LANGUAGE_STANDARD = gnu99;
				GCC_DYNAMIC_NO_PIC = NO;
				GCC_NO_COMMON_BLOCKS = YES;
				GCC_OPTIMIZATION_LEVEL = 0;
				GCC_PREPROCESSOR_DEFINITIONS = (
					"DEBUG=1",
					"$(inherited)",
				);
				GCC_WARN_64_TO_32_BIT_CONVERSION = YES;
				GCC_WARN_ABOUT_RETURN_TYPE = YES_ERROR;
				GCC_WARN_UNDECLARED_SELECTOR = YES;
				GCC_WARN_UNINITIALIZED_AUTOS = YES_AGGRESSIVE;
				GCC_WARN_UNUSED_FUNCTION = YES;
				GCC_WARN_UNUSED_VARIABLE = YES;
				IPHONEOS_DEPLOYMENT_TARGET = 10.3;
				MTL_ENABLE_DEBUG_INFO = YES;
				ONLY_ACTIVE_ARCH = YES;
				SDKROOT = iphoneos;
				SWIFT_ACTIVE_COMPILATION_CONDITIONS = DEBUG;
				SWIFT_OPTIMIZATION_LEVEL = "-Onone";
				TARGETED_DEVICE_FAMILY = "1,2";
			};
			name = Debug;
		};
		D25100071F4F0EF300E6C824 /* Release */ = {
			isa = XCBuildConfiguration;
			buildSettings = {
				ALWAYS_SEARCH_USER_PATHS = NO;
				CLANG_ANALYZER_NONNULL = YES;
				CLANG_ANALYZER_NUMBER_OBJECT_CONVERSION = YES_AGGRESSIVE;
				CLANG_CXX_LANGUAGE_STANDARD = "gnu++0x";
				CLANG_CXX_LIBRARY = "libc++";
				CLANG_ENABLE_MODULES = YES;
				CLANG_ENABLE_OBJC_ARC = YES;
				CLANG_WARN_BOOL_CONVERSION = YES;
				CLANG_WARN_CONSTANT_CONVERSION = YES;
				CLANG_WARN_DIRECT_OBJC_ISA_USAGE = YES_ERROR;
				CLANG_WARN_DOCUMENTATION_COMMENTS = YES;
				CLANG_WARN_EMPTY_BODY = YES;
				CLANG_WARN_ENUM_CONVERSION = YES;
				CLANG_WARN_INFINITE_RECURSION = YES;
				CLANG_WARN_INT_CONVERSION = YES;
				CLANG_WARN_OBJC_ROOT_CLASS = YES_ERROR;
				CLANG_WARN_SUSPICIOUS_MOVE = YES;
				CLANG_WARN_UNREACHABLE_CODE = YES;
				CLANG_WARN__DUPLICATE_METHOD_MATCH = YES;
				"CODE_SIGN_IDENTITY[sdk=iphoneos*]" = "iPhone Developer";
				COPY_PHASE_STRIP = NO;
				DEBUG_INFORMATION_FORMAT = "dwarf-with-dsym";
				ENABLE_NS_ASSERTIONS = NO;
				ENABLE_STRICT_OBJC_MSGSEND = YES;
				GCC_C_LANGUAGE_STANDARD = gnu99;
				GCC_NO_COMMON_BLOCKS = YES;
				GCC_WARN_64_TO_32_BIT_CONVERSION = YES;
				GCC_WARN_ABOUT_RETURN_TYPE = YES_ERROR;
				GCC_WARN_UNDECLARED_SELECTOR = YES;
				GCC_WARN_UNINITIALIZED_AUTOS = YES_AGGRESSIVE;
				GCC_WARN_UNUSED_FUNCTION = YES;
				GCC_WARN_UNUSED_VARIABLE = YES;
				IPHONEOS_DEPLOYMENT_TARGET = 10.3;
				MTL_ENABLE_DEBUG_INFO = NO;
				SDKROOT = iphoneos;
				SWIFT_OPTIMIZATION_LEVEL = "-Owholemodule";
				TARGETED_DEVICE_FAMILY = "1,2";
				VALIDATE_PRODUCT = YES;
			};
			name = Release;
		};
		D25100091F4F0EF300E6C824 /* Debug */ = {
			isa = XCBuildConfiguration;
			baseConfigurationReference = 9C0762D6B7E2146E15FBA3AE /* Pods-wheretogo.debug.xcconfig */;
			buildSettings = {
				ASSETCATALOG_COMPILER_APPICON_NAME = AppIcon;
				DEVELOPMENT_TEAM = 95C5AY3VSS;
				INFOPLIST_FILE = wheretogo/Info.plist;
				IPHONEOS_DEPLOYMENT_TARGET = 9.3;
				LD_RUNPATH_SEARCH_PATHS = "$(inherited) @executable_path/Frameworks";
				PRODUCT_BUNDLE_IDENTIFIER = com.khoa.wheretogo;
				PRODUCT_NAME = "$(TARGET_NAME)";
				SWIFT_VERSION = 3.0;
			};
			name = Debug;
		};
		D251000A1F4F0EF300E6C824 /* Release */ = {
			isa = XCBuildConfiguration;
			baseConfigurationReference = 499A54702BBB1CEFCBCFA66A /* Pods-wheretogo.release.xcconfig */;
			buildSettings = {
				ASSETCATALOG_COMPILER_APPICON_NAME = AppIcon;
				DEVELOPMENT_TEAM = 95C5AY3VSS;
				INFOPLIST_FILE = wheretogo/Info.plist;
				IPHONEOS_DEPLOYMENT_TARGET = 9.3;
				LD_RUNPATH_SEARCH_PATHS = "$(inherited) @executable_path/Frameworks";
				PRODUCT_BUNDLE_IDENTIFIER = com.khoa.wheretogo;
				PRODUCT_NAME = "$(TARGET_NAME)";
				SWIFT_VERSION = 3.0;
			};
			name = Release;
		};
/* End XCBuildConfiguration section */

/* Begin XCConfigurationList section */
		D25100081F4F0EF300E6C824 /* Build configuration list for PBXNativeTarget "wheretogo" */ = {
			isa = XCConfigurationList;
			buildConfigurations = (
				D25100091F4F0EF300E6C824 /* Debug */,
				D251000A1F4F0EF300E6C824 /* Release */,
			);
			defaultConfigurationIsVisible = 0;
			defaultConfigurationName = Release;
		};
		D251FFF11F4F0EF300E6C824 /* Build configuration list for PBXProject "wheretogo" */ = {
			isa = XCConfigurationList;
			buildConfigurations = (
				D25100061F4F0EF300E6C824 /* Debug */,
				D25100071F4F0EF300E6C824 /* Release */,
			);
			defaultConfigurationIsVisible = 0;
			defaultConfigurationName = Release;
		};
/* End XCConfigurationList section */
	};
	rootObject = D251FFEE1F4F0EF300E6C824 /* Project object */;
}
